
Microsoft Visual Studio Solution File, Format Version 12.00
# Visual Studio 2012
Project("{FAE04EC0-301F-11D3-BF4B-00C04F79EFBC}") = "TryingOutStuff", "TryingOutStuff\TryingOutStuff.csproj", "{2773B6B2-0776-41CF-94F9-364723F6DE75}"
EndProject
Project("{FAE04EC0-301F-11D3-BF4B-00C04F79EFBC}") = "IOCClient", "ControllerFactory\IOCClient.csproj", "{F891B7A6-91DF-4441-A543-5C8829DD569C}"
EndProject
Project("{FAE04EC0-301F-11D3-BF4B-00C04F79EFBC}") = "IDisposable", "IDisposable\IDisposable.csproj", "{ADF0D4E0-1CE7-4F02-A13E-50D392CCB3A7}"
EndProject
Project("{2150E333-8FDC-42A3-9474-1A3956D46DE8}") = "3. Sandbox", "3. Sandbox", "{2179953E-494C-4112-926E-8F6788542A89}"
EndProject
Project("{2150E333-8FDC-42A3-9474-1A3956D46DE8}") = "1. Core", "1. Core", "{6A5BFDC2-DFD3-440A-8CEA-2E889E17443E}"
EndProject
Project("{2150E333-8FDC-42A3-9474-1A3956D46DE8}") = "2. Web ", "2. Web ", "{C072B716-8859-4A16-9F39-AC57001409B9}"
EndProject
Project("{FAE04EC0-301F-11D3-BF4B-00C04F79EFBC}") = "IOC.Core", "IOC\IOC.Core.csproj", "{3582D035-4E05-44D3-8291-F4A32CE4E8A5}"
EndProject
Project("{FAE04EC0-301F-11D3-BF4B-00C04F79EFBC}") = "IOC.Web.MVC", "IOC.Web.MVC\IOC.Web.MVC.csproj", "{32CFDEB4-FBA1-4E49-BE3F-BB7F1AE268E5}"
EndProject
Global
	GlobalSection(SolutionConfigurationPlatforms) = preSolution
		Debug|x86 = Debug|x86
		Release|x86 = Release|x86
	EndGlobalSection
	GlobalSection(ProjectConfigurationPlatforms) = postSolution
		{2773B6B2-0776-41CF-94F9-364723F6DE75}.Debug|x86.ActiveCfg = Debug|x86
		{2773B6B2-0776-41CF-94F9-364723F6DE75}.Debug|x86.Build.0 = Debug|x86
		{2773B6B2-0776-41CF-94F9-364723F6DE75}.Release|x86.ActiveCfg = Release|x86
		{2773B6B2-0776-41CF-94F9-364723F6DE75}.Release|x86.Build.0 = Release|x86
		{F891B7A6-91DF-4441-A543-5C8829DD569C}.Debug|x86.ActiveCfg = Debug|Any CPU
		{F891B7A6-91DF-4441-A543-5C8829DD569C}.Debug|x86.Build.0 = Debug|Any CPU
		{F891B7A6-91DF-4441-A543-5C8829DD569C}.Release|x86.ActiveCfg = Release|Any CPU
		{F891B7A6-91DF-4441-A543-5C8829DD569C}.Release|x86.Build.0 = Release|Any CPU
		{ADF0D4E0-1CE7-4F02-A13E-50D392CCB3A7}.Debug|x86.ActiveCfg = Debug|x86
		{ADF0D4E0-1CE7-4F02-A13E-50D392CCB3A7}.Debug|x86.Build.0 = Debug|x86
		{ADF0D4E0-1CE7-4F02-A13E-50D392CCB3A7}.Release|x86.ActiveCfg = Release|x86
		{ADF0D4E0-1CE7-4F02-A13E-50D392CCB3A7}.Release|x86.Build.0 = Release|x86
		{3582D035-4E05-44D3-8291-F4A32CE4E8A5}.Debug|x86.ActiveCfg = Debug|Any CPU
		{3582D035-4E05-44D3-8291-F4A32CE4E8A5}.Debug|x86.Build.0 = Debug|Any CPU
		{3582D035-4E05-44D3-8291-F4A32CE4E8A5}.Release|x86.ActiveCfg = Release|Any CPU
		{3582D035-4E05-44D3-8291-F4A32CE4E8A5}.Release|x86.Build.0 = Release|Any CPU
		{32CFDEB4-FBA1-4E49-BE3F-BB7F1AE268E5}.Debug|x86.ActiveCfg = Debug|Any CPU
		{32CFDEB4-FBA1-4E49-BE3F-BB7F1AE268E5}.Debug|x86.Build.0 = Debug|Any CPU
		{32CFDEB4-FBA1-4E49-BE3F-BB7F1AE268E5}.Release|x86.ActiveCfg = Release|Any CPU
		{32CFDEB4-FBA1-4E49-BE3F-BB7F1AE268E5}.Release|x86.Build.0 = Release|Any CPU
	EndGlobalSection
	GlobalSection(NestedProjects) = preSolution
		{F891B7A6-91DF-4441-A543-5C8829DD569C} = {2179953E-494C-4112-926E-8F6788542A89}
		{3582D035-4E05-44D3-8291-F4A32CE4E8A5} = {6A5BFDC2-DFD3-440A-8CEA-2E889E17443E}
		{32CFDEB4-FBA1-4E49-BE3F-BB7F1AE268E5} = {C072B716-8859-4A16-9F39-AC57001409B9}
	EndGlobalSection
EndGlobal
